
Microsoft Visual Studio Solution File, Format Version 12.00
# Visual Studio Version 17
VisualStudioVersion = 17.8.34316.72
MinimumVisualStudioVersion = 10.0.40219.1
Project("{F2A71F9B-5D33-465A-A702-920D77279786}") = "ConsoleApp1", "ConsoleApp1\ConsoleApp1.fsproj", "{FE3643B0-30B4-4132-B0F2-32BAF5969622}"
EndProject
Global
	GlobalSection(SolutionConfigurationPlatforms) = preSolution
		Debug|Any CPU = Debug|Any CPU
		Release|Any CPU = Release|Any CPU
	EndGlobalSection
	GlobalSection(ProjectConfigurationPlatforms) = postSolution
		{FE3643B0-30B4-4132-B0F2-32BAF5969622}.Debug|Any CPU.ActiveCfg = Debug|Any CPU
		{FE3643B0-30B4-4132-B0F2-32BAF5969622}.Debug|Any CPU.Build.0 = Debug|Any CPU
		{FE3643B0-30B4-4132-B0F2-32BAF5969622}.Release|Any CPU.ActiveCfg = Release|Any CPU
		{FE3643B0-30B4-4132-B0F2-32BAF5969622}.Release|Any CPU.Build.0 = Release|Any CPU
	EndGlobalSection
	GlobalSection(SolutionProperties) = preSolution
		HideSolutionNode = FALSE
	EndGlobalSection
	GlobalSection(ExtensibilityGlobals) = postSolution
		SolutionGuid = {53EA3378-5721-4666-B56D-5C48D72636ED}
	EndGlobalSection
EndGlobal
